{
  "name": "proyecto1-myp",
  "version": "1.0.0",
  "lockfileVersion": 2,
  "requires": true,
  "packages": {
    "": {
      "name": "proyecto1-myp",
      "version": "1.0.0",
      "license": "ISC",
      "dependencies": {
        "csv-parse": "^5.3.0",
        "jquery-csv": "^1.0.22"
      }
    },
    "node_modules/csv-parse": {
      "version": "5.3.0",
      "resolved": "https://registry.npmjs.org/csv-parse/-/csv-parse-5.3.0.tgz",
      "integrity": "sha512-UXJCGwvJ2fep39purtAn27OUYmxB1JQto+zhZ4QlJpzsirtSFbzLvip1aIgziqNdZp/TptvsKEV5BZSxe10/DQ=="
    },
    "node_modules/jquery-csv": {
      "version": "1.0.22",
      "resolved": "https://registry.npmjs.org/jquery-csv/-/jquery-csv-1.0.22.tgz",
      "integrity": "sha512-U9x7XEyA04HzlmGWYpC3uxlRq5BCkTwaWbqGq/Gtknvz/QM9aPYWEONWHAxOPVR+2yjGCBE9NvUR7B4GkuAXIA==",
      "license": "MIT"
    }
  },
  "dependencies": {
    "csv-parse": {
      "version": "5.3.0",
      "resolved": "https://registry.npmjs.org/csv-parse/-/csv-parse-5.3.0.tgz",
      "integrity": "sha512-UXJCGwvJ2fep39purtAn27OUYmxB1JQto+zhZ4QlJpzsirtSFbzLvip1aIgziqNdZp/TptvsKEV5BZSxe10/DQ=="
    },
    "jquery-csv": {
      "version": "1.0.22",
      "resolved": "https://registry.npmjs.org/jquery-csv/-/jquery-csv-1.0.22.tgz",
      "integrity": "sha512-U9x7XEyA04HzlmGWYpC3uxlRq5BCkTwaWbqGq/Gtknvz/QM9aPYWEONWHAxOPVR+2yjGCBE9NvUR7B4GkuAXIA=="
    }
  }
}
